{
  "name": "famo-bot-swagger-preview",
  "version": "1.0.0",
  "lockfileVersion": 3,
  "requires": true,
  "packages": {
    "": {
      "name": "famo-bot-swagger-preview",
      "version": "1.0.0",
      "devDependencies": {
        "swagger-editor-dist": "^4.14.8",
        "swagger-ui-dist": "^5.33.0"
      }
    },
    "node_modules/@scarf/scarf": {
      "version": "1.4.0",
      "resolved": "https://registry.npmjs.org/@scarf/scarf/-/scarf-1.4.0.tgz",
      "integrity": "sha512-xxeapPiUXdZAE3che6f3xogoJPeZgig6omHEy1rIY5WVsB3H2BHNnZH+gHG6x91SCWyQCzWGsuL2Hh3ClO5/qQ==",
      "dev": true,
      "hasInstallScript": true,
      "license": "Apache-2.0"
    },
    "node_modules/swagger-editor-dist": {
      "version": "4.14.8",
      "resolved": "https://registry.npmjs.org/swagger-editor-dist/-/swagger-editor-dist-4.14.8.tgz",
      "integrity": "sha512-yGNkov8/4er1D2ScMSpTAF4TgQuF0lclg5ZoxKQKAJXfY37Qg2pKEiTUXWmfmgFqZhsHW8zeNpemisTpFv/2SQ==",
      "dev": true,
      "license": "Apache-2.0",
      "dependencies": {
        "@scarf/scarf": "=1.4.0"
      }
    },
    "node_modules/swagger-ui-dist": {
      "version": "5.33.1",
      "resolved": "https://registry.npmjs.org/swagger-ui-dist/-/swagger-ui-dist-5.33.1.tgz",
      "integrity": "sha512-H872wWkA53bFIsGgi7OWgmq+CRWw3nFQGdJWRqOB9wNwTm6e5ol34+qPDkV4AJlK+gglM2EsJiOOzsGsEGbluA==",
      "dev": true,
      "license": "Apache-2.0",
      "dependencies": {
        "@scarf/scarf": "=1.4.0"
      }
    }
  }
}
